
Microsoft Visual Studio Solution File, Format Version 12.00
# Visual Studio Version 16
VisualStudioVersion = 16.0.29009.5
MinimumVisualStudioVersion = 10.0.40219.1
Project("{FAE04EC0-301F-11D3-BF4B-00C04F79EFBC}") = "Itenium.Robots", "Itenium.Robots.csproj", "{AFB46944-21F7-4A78-B271-5E81A3DA3FE7}"
EndProject
Project("{2150E333-8FDC-42A3-9474-1A3956D46DE8}") = "SolutionItems", "SolutionItems", "{E51E2A30-74C9-417B-8F1B-6A739FCEBCB3}"
	ProjectSection(SolutionItems) = preProject
		.gitignore = .gitignore
		..\README.md = ..\README.md
		robocode.dll = robocode.dll
		robocode.xml = robocode.xml
	EndProjectSection
EndProject
Global
	GlobalSection(SolutionConfigurationPlatforms) = preSolution
		Debug|Any CPU = Debug|Any CPU
		Release|Any CPU = Release|Any CPU
	EndGlobalSection
	GlobalSection(ProjectConfigurationPlatforms) = postSolution
		{AFB46944-21F7-4A78-B271-5E81A3DA3FE7}.Debug|Any CPU.ActiveCfg = Debug|Any CPU
		{AFB46944-21F7-4A78-B271-5E81A3DA3FE7}.Debug|Any CPU.Build.0 = Debug|Any CPU
		{AFB46944-21F7-4A78-B271-5E81A3DA3FE7}.Release|Any CPU.ActiveCfg = Release|Any CPU
		{AFB46944-21F7-4A78-B271-5E81A3DA3FE7}.Release|Any CPU.Build.0 = Release|Any CPU
	EndGlobalSection
	GlobalSection(SolutionProperties) = preSolution
		HideSolutionNode = FALSE
	EndGlobalSection
	GlobalSection(ExtensibilityGlobals) = postSolution
		SolutionGuid = {BCE5D903-83F0-47BD-A44C-AEFD8742DAB8}
	EndGlobalSection
EndGlobal
